
Microsoft Visual Studio Solution File, Format Version 12.00
# Visual Studio Version 17
VisualStudioVersion = 17.8.34330.188
MinimumVisualStudioVersion = 10.0.40219.1
Project("{FAE04EC0-301F-11D3-BF4B-00C04F79EFBC}") = "task-one", "task-one\task-one.csproj", "{CC1E958E-15D3-4F29-B39E-DDAA05BBE69A}"
EndProject
Global
	GlobalSection(SolutionConfigurationPlatforms) = preSolution
		Debug|Any CPU = Debug|Any CPU
		Release|Any CPU = Release|Any CPU
	EndGlobalSection
	GlobalSection(ProjectConfigurationPlatforms) = postSolution
		{CC1E958E-15D3-4F29-B39E-DDAA05BBE69A}.Debug|Any CPU.ActiveCfg = Debug|Any CPU
		{CC1E958E-15D3-4F29-B39E-DDAA05BBE69A}.Debug|Any CPU.Build.0 = Debug|Any CPU
		{CC1E958E-15D3-4F29-B39E-DDAA05BBE69A}.Release|Any CPU.ActiveCfg = Release|Any CPU
		{CC1E958E-15D3-4F29-B39E-DDAA05BBE69A}.Release|Any CPU.Build.0 = Release|Any CPU
	EndGlobalSection
	GlobalSection(SolutionProperties) = preSolution
		HideSolutionNode = FALSE
	EndGlobalSection
	GlobalSection(ExtensibilityGlobals) = postSolution
		SolutionGuid = {415F94FF-CED4-4C96-AEF3-DA55E2DA46CC}
	EndGlobalSection
EndGlobal
